
Microsoft Visual Studio Solution File, Format Version 11.00
# Visual Studio 2010
Project("{8BC9CEB8-8B4A-11D0-8D11-00A0C91BC942}") = "siod88", "siod88\siod88.vcxproj", "{7FCBC2C3-BB20-45E6-97BE-6EA1E216C149}"
EndProject
Global
	GlobalSection(SolutionConfigurationPlatforms) = preSolution
		Debug|Win32 = Debug|Win32
		Release|Win32 = Release|Win32
	EndGlobalSection
	GlobalSection(ProjectConfigurationPlatforms) = postSolution
		{7FCBC2C3-BB20-45E6-97BE-6EA1E216C149}.Debug|Win32.ActiveCfg = Debug|Win32
		{7FCBC2C3-BB20-45E6-97BE-6EA1E216C149}.Debug|Win32.Build.0 = Debug|Win32
		{7FCBC2C3-BB20-45E6-97BE-6EA1E216C149}.Release|Win32.ActiveCfg = Release|Win32
		{7FCBC2C3-BB20-45E6-97BE-6EA1E216C149}.Release|Win32.Build.0 = Release|Win32
	EndGlobalSection
	GlobalSection(SolutionProperties) = preSolution
		HideSolutionNode = FALSE
	EndGlobalSection
EndGlobal
